
Microsoft Visual Studio Solution File, Format Version 12.00
# Visual Studio Version 18
VisualStudioVersion = 18.2.11415.280
MinimumVisualStudioVersion = 10.0.40219.1
Project("{2150E333-8FDC-42A3-9474-1A3956D46DE8}") = "Libraries", "Libraries", "{11111111-1111-1111-1111-111111111111}"
EndProject
Project("{2150E333-8FDC-42A3-9474-1A3956D46DE8}") = "Apps", "Apps", "{22222222-2222-2222-2222-222222222222}"
EndProject
Project("{FAE04EC0-301F-11D3-BF4B-00C04F79EFBC}") = "BMMDL.MetaModel", "src\BMMDL.MetaModel\BMMDL.MetaModel.csproj", "{A1B2C3D4-E5F6-7890-ABCD-EF1234567890}"
EndProject
Project("{FAE04EC0-301F-11D3-BF4B-00C04F79EFBC}") = "BMMDL.Compiler", "src\BMMDL.Compiler\BMMDL.Compiler.csproj", "{C3D4E5F6-A7B8-9012-CDEF-123456789012}"
EndProject
Project("{FAE04EC0-301F-11D3-BF4B-00C04F79EFBC}") = "BMMDL.CodeGen", "src\BMMDL.CodeGen\BMMDL.CodeGen.csproj", "{EAFA2222-9B82-4017-BA0C-F72D37E5C894}"
EndProject
Project("{FAE04EC0-301F-11D3-BF4B-00C04F79EFBC}") = "BMMDL.Registry", "src\BMMDL.Registry\BMMDL.Registry.csproj", "{488188ED-154C-48A8-AA70-0EFCD12746F8}"
EndProject
Project("{FAE04EC0-301F-11D3-BF4B-00C04F79EFBC}") = "BMMDL.Runtime", "src\BMMDL.Runtime\BMMDL.Runtime.csproj", "{7A9F61D7-2992-4D53-800C-F22708FAFFF8}"
EndProject
Project("{FAE04EC0-301F-11D3-BF4B-00C04F79EFBC}") = "BMMDL.SchemaManager", "src\BMMDL.SchemaManager\BMMDL.SchemaManager.csproj", "{62727FD6-C31B-4368-B351-46487386896B}"
EndProject
Project("{FAE04EC0-301F-11D3-BF4B-00C04F79EFBC}") = "BMMDL.Registry.Api", "src\BMMDL.Registry.Api\BMMDL.Registry.Api.csproj", "{5FAAFAAD-C35D-4EA5-BFA1-8DE84E25FCE6}"
EndProject
Project("{FAE04EC0-301F-11D3-BF4B-00C04F79EFBC}") = "BMMDL.Runtime.Api", "src\BMMDL.Runtime.Api\BMMDL.Runtime.Api.csproj", "{9731C1FF-C1FB-4D8D-9FF2-40E1C49049CB}"
EndProject
Global
	GlobalSection(SolutionConfigurationPlatforms) = preSolution
		Debug|Any CPU = Debug|Any CPU
		Debug|x64 = Debug|x64
		Debug|x86 = Debug|x86
		Release|Any CPU = Release|Any CPU
		Release|x64 = Release|x64
		Release|x86 = Release|x86
	EndGlobalSection
	GlobalSection(ProjectConfigurationPlatforms) = postSolution
		{A1B2C3D4-E5F6-7890-ABCD-EF1234567890}.Debug|Any CPU.ActiveCfg = Debug|Any CPU
		{A1B2C3D4-E5F6-7890-ABCD-EF1234567890}.Debug|Any CPU.Build.0 = Debug|Any CPU
		{A1B2C3D4-E5F6-7890-ABCD-EF1234567890}.Debug|x64.ActiveCfg = Debug|Any CPU
		{A1B2C3D4-E5F6-7890-ABCD-EF1234567890}.Debug|x64.Build.0 = Debug|Any CPU
		{A1B2C3D4-E5F6-7890-ABCD-EF1234567890}.Debug|x86.ActiveCfg = Debug|Any CPU
		{A1B2C3D4-E5F6-7890-ABCD-EF1234567890}.Debug|x86.Build.0 = Debug|Any CPU
		{A1B2C3D4-E5F6-7890-ABCD-EF1234567890}.Release|Any CPU.ActiveCfg = Release|Any CPU
		{A1B2C3D4-E5F6-7890-ABCD-EF1234567890}.Release|Any CPU.Build.0 = Release|Any CPU
		{A1B2C3D4-E5F6-7890-ABCD-EF1234567890}.Release|x64.ActiveCfg = Release|Any CPU
		{A1B2C3D4-E5F6-7890-ABCD-EF1234567890}.Release|x64.Build.0 = Release|Any CPU
		{A1B2C3D4-E5F6-7890-ABCD-EF1234567890}.Release|x86.ActiveCfg = Release|Any CPU
		{A1B2C3D4-E5F6-7890-ABCD-EF1234567890}.Release|x86.Build.0 = Release|Any CPU
		{C3D4E5F6-A7B8-9012-CDEF-123456789012}.Debug|Any CPU.ActiveCfg = Debug|Any CPU
		{C3D4E5F6-A7B8-9012-CDEF-123456789012}.Debug|Any CPU.Build.0 = Debug|Any CPU
		{C3D4E5F6-A7B8-9012-CDEF-123456789012}.Debug|x64.ActiveCfg = Debug|Any CPU
		{C3D4E5F6-A7B8-9012-CDEF-123456789012}.Debug|x64.Build.0 = Debug|Any CPU
		{C3D4E5F6-A7B8-9012-CDEF-123456789012}.Debug|x86.ActiveCfg = Debug|Any CPU
		{C3D4E5F6-A7B8-9012-CDEF-123456789012}.Debug|x86.Build.0 = Debug|Any CPU
		{C3D4E5F6-A7B8-9012-CDEF-123456789012}.Release|Any CPU.ActiveCfg = Release|Any CPU
		{C3D4E5F6-A7B8-9012-CDEF-123456789012}.Release|Any CPU.Build.0 = Release|Any CPU
		{C3D4E5F6-A7B8-9012-CDEF-123456789012}.Release|x64.ActiveCfg = Release|Any CPU
		{C3D4E5F6-A7B8-9012-CDEF-123456789012}.Release|x64.Build.0 = Release|Any CPU
		{C3D4E5F6-A7B8-9012-CDEF-123456789012}.Release|x86.ActiveCfg = Release|Any CPU
		{C3D4E5F6-A7B8-9012-CDEF-123456789012}.Release|x86.Build.0 = Release|Any CPU
		{EAFA2222-9B82-4017-BA0C-F72D37E5C894}.Debug|Any CPU.ActiveCfg = Debug|Any CPU
		{EAFA2222-9B82-4017-BA0C-F72D37E5C894}.Debug|Any CPU.Build.0 = Debug|Any CPU
		{EAFA2222-9B82-4017-BA0C-F72D37E5C894}.Debug|x64.ActiveCfg = Debug|Any CPU
		{EAFA2222-9B82-4017-BA0C-F72D37E5C894}.Debug|x64.Build.0 = Debug|Any CPU
		{EAFA2222-9B82-4017-BA0C-F72D37E5C894}.Debug|x86.ActiveCfg = Debug|Any CPU
		{EAFA2222-9B82-4017-BA0C-F72D37E5C894}.Debug|x86.Build.0 = Debug|Any CPU
		{EAFA2222-9B82-4017-BA0C-F72D37E5C894}.Release|Any CPU.ActiveCfg = Release|Any CPU
		{EAFA2222-9B82-4017-BA0C-F72D37E5C894}.Release|Any CPU.Build.0 = Release|Any CPU
		{EAFA2222-9B82-4017-BA0C-F72D37E5C894}.Release|x64.ActiveCfg = Release|Any CPU
		{EAFA2222-9B82-4017-BA0C-F72D37E5C894}.Release|x64.Build.0 = Release|Any CPU
		{EAFA2222-9B82-4017-BA0C-F72D37E5C894}.Release|x86.ActiveCfg = Release|Any CPU
		{EAFA2222-9B82-4017-BA0C-F72D37E5C894}.Release|x86.Build.0 = Release|Any CPU
		{488188ED-154C-48A8-AA70-0EFCD12746F8}.Debug|Any CPU.ActiveCfg = Debug|Any CPU
		{488188ED-154C-48A8-AA70-0EFCD12746F8}.Debug|Any CPU.Build.0 = Debug|Any CPU
		{488188ED-154C-48A8-AA70-0EFCD12746F8}.Debug|x64.ActiveCfg = Debug|Any CPU
		{488188ED-154C-48A8-AA70-0EFCD12746F8}.Debug|x64.Build.0 = Debug|Any CPU
		{488188ED-154C-48A8-AA70-0EFCD12746F8}.Debug|x86.ActiveCfg = Debug|Any CPU
		{488188ED-154C-48A8-AA70-0EFCD12746F8}.Debug|x86.Build.0 = Debug|Any CPU
		{488188ED-154C-48A8-AA70-0EFCD12746F8}.Release|Any CPU.ActiveCfg = Release|Any CPU
		{488188ED-154C-48A8-AA70-0EFCD12746F8}.Release|Any CPU.Build.0 = Release|Any CPU
		{488188ED-154C-48A8-AA70-0EFCD12746F8}.Release|x64.ActiveCfg = Release|Any CPU
		{488188ED-154C-48A8-AA70-0EFCD12746F8}.Release|x64.Build.0 = Release|Any CPU
		{488188ED-154C-48A8-AA70-0EFCD12746F8}.Release|x86.ActiveCfg = Release|Any CPU
		{488188ED-154C-48A8-AA70-0EFCD12746F8}.Release|x86.Build.0 = Release|Any CPU
		{7A9F61D7-2992-4D53-800C-F22708FAFFF8}.Debug|Any CPU.ActiveCfg = Debug|Any CPU
		{7A9F61D7-2992-4D53-800C-F22708FAFFF8}.Debug|Any CPU.Build.0 = Debug|Any CPU
		{7A9F61D7-2992-4D53-800C-F22708FAFFF8}.Debug|x64.ActiveCfg = Debug|Any CPU
		{7A9F61D7-2992-4D53-800C-F22708FAFFF8}.Debug|x64.Build.0 = Debug|Any CPU
		{7A9F61D7-2992-4D53-800C-F22708FAFFF8}.Debug|x86.ActiveCfg = Debug|Any CPU
		{7A9F61D7-2992-4D53-800C-F22708FAFFF8}.Debug|x86.Build.0 = Debug|Any CPU
		{7A9F61D7-2992-4D53-800C-F22708FAFFF8}.Release|Any CPU.ActiveCfg = Release|Any CPU
		{7A9F61D7-2992-4D53-800C-F22708FAFFF8}.Release|Any CPU.Build.0 = Release|Any CPU
		{7A9F61D7-2992-4D53-800C-F22708FAFFF8}.Release|x64.ActiveCfg = Release|Any CPU
		{7A9F61D7-2992-4D53-800C-F22708FAFFF8}.Release|x64.Build.0 = Release|Any CPU
		{7A9F61D7-2992-4D53-800C-F22708FAFFF8}.Release|x86.ActiveCfg = Release|Any CPU
		{7A9F61D7-2992-4D53-800C-F22708FAFFF8}.Release|x86.Build.0 = Release|Any CPU
		{62727FD6-C31B-4368-B351-46487386896B}.Debug|Any CPU.ActiveCfg = Debug|Any CPU
		{62727FD6-C31B-4368-B351-46487386896B}.Debug|Any CPU.Build.0 = Debug|Any CPU
		{62727FD6-C31B-4368-B351-46487386896B}.Debug|x64.ActiveCfg = Debug|Any CPU
		{62727FD6-C31B-4368-B351-46487386896B}.Debug|x64.Build.0 = Debug|Any CPU
		{62727FD6-C31B-4368-B351-46487386896B}.Debug|x86.ActiveCfg = Debug|Any CPU
		{62727FD6-C31B-4368-B351-46487386896B}.Debug|x86.Build.0 = Debug|Any CPU
		{62727FD6-C31B-4368-B351-46487386896B}.Release|Any CPU.ActiveCfg = Release|Any CPU
		{62727FD6-C31B-4368-B351-46487386896B}.Release|Any CPU.Build.0 = Release|Any CPU
		{62727FD6-C31B-4368-B351-46487386896B}.Release|x64.ActiveCfg = Release|Any CPU
		{62727FD6-C31B-4368-B351-46487386896B}.Release|x64.Build.0 = Release|Any CPU
		{62727FD6-C31B-4368-B351-46487386896B}.Release|x86.ActiveCfg = Release|Any CPU
		{62727FD6-C31B-4368-B351-46487386896B}.Release|x86.Build.0 = Release|Any CPU
		{5FAAFAAD-C35D-4EA5-BFA1-8DE84E25FCE6}.Debug|Any CPU.ActiveCfg = Debug|Any CPU
		{5FAAFAAD-C35D-4EA5-BFA1-8DE84E25FCE6}.Debug|Any CPU.Build.0 = Debug|Any CPU
		{5FAAFAAD-C35D-4EA5-BFA1-8DE84E25FCE6}.Debug|x64.ActiveCfg = Debug|Any CPU
		{5FAAFAAD-C35D-4EA5-BFA1-8DE84E25FCE6}.Debug|x64.Build.0 = Debug|Any CPU
		{5FAAFAAD-C35D-4EA5-BFA1-8DE84E25FCE6}.Debug|x86.ActiveCfg = Debug|Any CPU
		{5FAAFAAD-C35D-4EA5-BFA1-8DE84E25FCE6}.Debug|x86.Build.0 = Debug|Any CPU
		{5FAAFAAD-C35D-4EA5-BFA1-8DE84E25FCE6}.Release|Any CPU.ActiveCfg = Release|Any CPU
		{5FAAFAAD-C35D-4EA5-BFA1-8DE84E25FCE6}.Release|Any CPU.Build.0 = Release|Any CPU
		{5FAAFAAD-C35D-4EA5-BFA1-8DE84E25FCE6}.Release|x64.ActiveCfg = Release|Any CPU
		{5FAAFAAD-C35D-4EA5-BFA1-8DE84E25FCE6}.Release|x64.Build.0 = Release|Any CPU
		{5FAAFAAD-C35D-4EA5-BFA1-8DE84E25FCE6}.Release|x86.ActiveCfg = Release|Any CPU
		{5FAAFAAD-C35D-4EA5-BFA1-8DE84E25FCE6}.Release|x86.Build.0 = Release|Any CPU
		{9731C1FF-C1FB-4D8D-9FF2-40E1C49049CB}.Debug|Any CPU.ActiveCfg = Debug|Any CPU
		{9731C1FF-C1FB-4D8D-9FF2-40E1C49049CB}.Debug|Any CPU.Build.0 = Debug|Any CPU
		{9731C1FF-C1FB-4D8D-9FF2-40E1C49049CB}.Debug|x64.ActiveCfg = Debug|Any CPU
		{9731C1FF-C1FB-4D8D-9FF2-40E1C49049CB}.Debug|x64.Build.0 = Debug|Any CPU
		{9731C1FF-C1FB-4D8D-9FF2-40E1C49049CB}.Debug|x86.ActiveCfg = Debug|Any CPU
		{9731C1FF-C1FB-4D8D-9FF2-40E1C49049CB}.Debug|x86.Build.0 = Debug|Any CPU
		{9731C1FF-C1FB-4D8D-9FF2-40E1C49049CB}.Release|Any CPU.ActiveCfg = Release|Any CPU
		{9731C1FF-C1FB-4D8D-9FF2-40E1C49049CB}.Release|Any CPU.Build.0 = Release|Any CPU
		{9731C1FF-C1FB-4D8D-9FF2-40E1C49049CB}.Release|x64.ActiveCfg = Release|Any CPU
		{9731C1FF-C1FB-4D8D-9FF2-40E1C49049CB}.Release|x64.Build.0 = Release|Any CPU
		{9731C1FF-C1FB-4D8D-9FF2-40E1C49049CB}.Release|x86.ActiveCfg = Release|Any CPU
		{9731C1FF-C1FB-4D8D-9FF2-40E1C49049CB}.Release|x86.Build.0 = Release|Any CPU
	EndGlobalSection
	GlobalSection(SolutionProperties) = preSolution
		HideSolutionNode = FALSE
	EndGlobalSection
	GlobalSection(NestedProjects) = preSolution
		{A1B2C3D4-E5F6-7890-ABCD-EF1234567890} = {11111111-1111-1111-1111-111111111111}
		{C3D4E5F6-A7B8-9012-CDEF-123456789012} = {11111111-1111-1111-1111-111111111111}
		{EAFA2222-9B82-4017-BA0C-F72D37E5C894} = {11111111-1111-1111-1111-111111111111}
		{488188ED-154C-48A8-AA70-0EFCD12746F8} = {11111111-1111-1111-1111-111111111111}
		{7A9F61D7-2992-4D53-800C-F22708FAFFF8} = {11111111-1111-1111-1111-111111111111}
		{62727FD6-C31B-4368-B351-46487386896B} = {11111111-1111-1111-1111-111111111111}
		{5FAAFAAD-C35D-4EA5-BFA1-8DE84E25FCE6} = {22222222-2222-2222-2222-222222222222}
		{9731C1FF-C1FB-4D8D-9FF2-40E1C49049CB} = {22222222-2222-2222-2222-222222222222}
	EndGlobalSection
	GlobalSection(ExtensibilityGlobals) = postSolution
		SolutionGuid = {998A8C00-D4A4-4F2D-A0E1-748D84E5E59C}
	EndGlobalSection
EndGlobal
